// !$*UTF8*$!
{
	archiveVersion = 1;
	classes = {
	};
	objectVersion = 46;
	objects = {

/* Begin PBXBuildFile section */
		710AAB181CA7422900BB682A /* AppDelegate.swift in Sources */ = {isa = PBXBuildFile; fileRef = 710AAB171CA7422900BB682A /* AppDelegate.swift */; };
		710AAB1A1CA7422900BB682A /* RecordSoundsViewController.swift in Sources */ = {isa = PBXBuildFile; fileRef = 710AAB191CA7422900BB682A /* RecordSoundsViewController.swift */; };
		710AAB1F1CA7422900BB682A /* Assets.xcassets in Resources */ = {isa = PBXBuildFile; fileRef = 710AAB1E1CA7422900BB682A /* Assets.xcassets */; };
		710AAB2D1CA7422900BB682A /* Pitch_PerfectTests.swift in Sources */ = {isa = PBXBuildFile; fileRef = 710AAB2C1CA7422900BB682A /* Pitch_PerfectTests.swift */; };
		710AAB381CA7422900BB682A /* Pitch_PerfectUITests.swift in Sources */ = {isa = PBXBuildFile; fileRef = 710AAB371CA7422900BB682A /* Pitch_PerfectUITests.swift */; };
		7123307C1CAF4CE100413C6B /* PlaySoundsViewController+Audio.swift in Sources */ = {isa = PBXBuildFile; fileRef = 7123307B1CAF4CE100413C6B /* PlaySoundsViewController+Audio.swift */; };
		719202341CA81F7A000163FF /* Main.storyboard in Resources */ = {isa = PBXBuildFile; fileRef = 719202321CA81F7A000163FF /* Main.storyboard */; };
		719202361CA8269F000163FF /* PlaySoundsViewController.swift in Sources */ = {isa = PBXBuildFile; fileRef = 719202351CA8269F000163FF /* PlaySoundsViewController.swift */; };
		719202381CACC1B8000163FF /* Model.swift in Sources */ = {isa = PBXBuildFile; fileRef = 719202371CACC1B8000163FF /* Model.swift */; };
/* End PBXBuildFile section */

/* Begin PBXContainerItemProxy section */
		710AAB291CA7422900BB682A /* PBXContainerItemProxy */ = {
			isa = PBXContainerItemProxy;
			containerPortal = 710AAB0C1CA7422900BB682A /* Project object */;
			proxyType = 1;
			remoteGlobalIDString = 710AAB131CA7422900BB682A;
			remoteInfo = "Pitch Perfect";
		};
		710AAB341CA7422900BB682A /* PBXContainerItemProxy */ = {
			isa = PBXContainerItemProxy;
			containerPortal = 710AAB0C1CA7422900BB682A /* Project object */;
			proxyType = 1;
			remoteGlobalIDString = 710AAB131CA7422900BB682A;
			remoteInfo = "Pitch Perfect";
		};
/* End PBXContainerItemProxy section */

/* Begin PBXFileReference section */
		710AAB141CA7422900BB682A /* Pitch Perfect.app */ = {isa = PBXFileReference; explicitFileType = wrapper.application; includeInIndex = 0; path = "Pitch Perfect.app"; sourceTree = BUILT_PRODUCTS_DIR; };
		710AAB171CA7422900BB682A /* AppDelegate.swift */ = {isa = PBXFileReference; lastKnownFileType = sourcecode.swift; path = AppDelegate.swift; sourceTree = "<group>"; };
		710AAB191CA7422900BB682A /* RecordSoundsViewController.swift */ = {isa = PBXFileReference; lastKnownFileType = sourcecode.swift; path = RecordSoundsViewController.swift; sourceTree = "<group>"; };
		710AAB1E1CA7422900BB682A /* Assets.xcassets */ = {isa = PBXFileReference; lastKnownFileType = folder.assetcatalog; path = Assets.xcassets; sourceTree = "<group>"; };
		710AAB231CA7422900BB682A /* Info.plist */ = {isa = PBXFileReference; lastKnownFileType = text.plist.xml; path = Info.plist; sourceTree = "<group>"; };
		710AAB281CA7422900BB682A /* Pitch PerfectTests.xctest */ = {isa = PBXFileReference; explicitFileType = wrapper.cfbundle; includeInIndex = 0; path = "Pitch PerfectTests.xctest"; sourceTree = BUILT_PRODUCTS_DIR; };
		710AAB2C1CA7422900BB682A /* Pitch_PerfectTests.swift */ = {isa = PBXFileReference; lastKnownFileType = sourcecode.swift; path = Pitch_PerfectTests.swift; sourceTree = "<group>"; };
		710AAB2E1CA7422900BB682A /* Info.plist */ = {isa = PBXFileReference; lastKnownFileType = text.plist.xml; path = Info.plist; sourceTree = "<group>"; };
		710AAB331CA7422900BB682A /* Pitch PerfectUITests.xctest */ = {isa = PBXFileReference; explicitFileType = wrapper.cfbundle; includeInIndex = 0; path = "Pitch PerfectUITests.xctest"; sourceTree = BUILT_PRODUCTS_DIR; };
		710AAB371CA7422900BB682A /* Pitch_PerfectUITests.swift */ = {isa = PBXFileReference; lastKnownFileType = sourcecode.swift; path = Pitch_PerfectUITests.swift; sourceTree = "<group>"; };
		710AAB391CA7422900BB682A /* Info.plist */ = {isa = PBXFileReference; lastKnownFileType = text.plist.xml; path = Info.plist; sourceTree = "<group>"; };
		7123307B1CAF4CE100413C6B /* PlaySoundsViewController+Audio.swift */ = {isa = PBXFileReference; fileEncoding = 4; lastKnownFileType = sourcecode.swift; path = "PlaySoundsViewController+Audio.swift"; sourceTree = "<group>"; };
		719202331CA81F7A000163FF /* Base */ = {isa = PBXFileReference; lastKnownFileType = file.storyboard; name = Base; path = Base.lproj/Main.storyboard; sourceTree = "<group>"; };
		719202351CA8269F000163FF /* PlaySoundsViewController.swift */ = {isa = PBXFileReference; fileEncoding = 4; lastKnownFileType = sourcecode.swift; path = PlaySoundsViewController.swift; sourceTree = "<group>"; };
		719202371CACC1B8000163FF /* Model.swift */ = {isa = PBXFileReference; fileEncoding = 4; lastKnownFileType = sourcecode.swift; path = Model.swift; sourceTree = "<group>"; };
/* End PBXFileReference section */

/* Begin PBXFrameworksBuildPhase section */
		710AAB111CA7422900BB682A /* Frameworks */ = {
			isa = PBXFrameworksBuildPhase;
			buildActionMask = 2147483647;
			files = (
			);
			runOnlyForDeploymentPostprocessing = 0;
		};
		710AAB251CA7422900BB682A /* Frameworks */ = {
			isa = PBXFrameworksBuildPhase;
			buildActionMask = 2147483647;
			files = (
			);
			runOnlyForDeploymentPostprocessing = 0;
		};
		710AAB301CA7422900BB682A /* Frameworks */ = {
			isa = PBXFrameworksBuildPhase;
			buildActionMask = 2147483647;
			files = (
			);
			runOnlyForDeploymentPostprocessing = 0;
		};
/* End PBXFrameworksBuildPhase section */

/* Begin PBXGroup section */
		710AAB0B1CA7422900BB682A = {
			isa = PBXGroup;
			children = (
				710AAB161CA7422900BB682A /* Pitch Perfect */,
				710AAB2B1CA7422900BB682A /* Pitch PerfectTests */,
				710AAB361CA7422900BB682A /* Pitch PerfectUITests */,
				710AAB151CA7422900BB682A /* Products */,
			);
			sourceTree = "<group>";
		};
		710AAB151CA7422900BB682A /* Products */ = {
			isa = PBXGroup;
			children = (
				710AAB141CA7422900BB682A /* Pitch Perfect.app */,
				710AAB281CA7422900BB682A /* Pitch PerfectTests.xctest */,
				710AAB331CA7422900BB682A /* Pitch PerfectUITests.xctest */,
			);
			name = Products;
			sourceTree = "<group>";
		};
		710AAB161CA7422900BB682A /* Pitch Perfect */ = {
			isa = PBXGroup;
			children = (
				710AAB171CA7422900BB682A /* AppDelegate.swift */,
				7123307B1CAF4CE100413C6B /* PlaySoundsViewController+Audio.swift */,
				710AAB191CA7422900BB682A /* RecordSoundsViewController.swift */,
				719202321CA81F7A000163FF /* Main.storyboard */,
				719202371CACC1B8000163FF /* Model.swift */,
				719202351CA8269F000163FF /* PlaySoundsViewController.swift */,
				710AAB1E1CA7422900BB682A /* Assets.xcassets */,
				710AAB231CA7422900BB682A /* Info.plist */,
			);
			path = "Pitch Perfect";
			sourceTree = "<group>";
		};
		710AAB2B1CA7422900BB682A /* Pitch PerfectTests */ = {
			isa = PBXGroup;
			children = (
				710AAB2C1CA7422900BB682A /* Pitch_PerfectTests.swift */,
				710AAB2E1CA7422900BB682A /* Info.plist */,
			);
			path = "Pitch PerfectTests";
			sourceTree = "<group>";
		};
		710AAB361CA7422900BB682A /* Pitch PerfectUITests */ = {
			isa = PBXGroup;
			children = (
				710AAB371CA7422900BB682A /* Pitch_PerfectUITests.swift */,
				710AAB391CA7422900BB682A /* Info.plist */,
			);
			path = "Pitch PerfectUITests";
			sourceTree = "<group>";
		};
/* End PBXGroup section */

/* Begin PBXNativeTarget section */
		710AAB131CA7422900BB682A /* Pitch Perfect */ = {
			isa = PBXNativeTarget;
			buildConfigurationList = 710AAB3C1CA7422900BB682A /* Build configuration list for PBXNativeTarget "Pitch Perfect" */;
			buildPhases = (
				710AAB101CA7422900BB682A /* Sources */,
				710AAB111CA7422900BB682A /* Frameworks */,
				710AAB121CA7422900BB682A /* Resources */,
			);
			buildRules = (
			);
			dependencies = (
			);
			name = "Pitch Perfect";
			productName = "Pitch Perfect";
			productReference = 710AAB141CA7422900BB682A /* Pitch Perfect.app */;
			productType = "com.apple.product-type.application";
		};
		710AAB271CA7422900BB682A /* Pitch PerfectTests */ = {
			isa = PBXNativeTarget;
			buildConfigurationList = 710AAB3F1CA7422900BB682A /* Build configuration list for PBXNativeTarget "Pitch PerfectTests" */;
			buildPhases = (
				710AAB241CA7422900BB682A /* Sources */,
				710AAB251CA7422900BB682A /* Frameworks */,
				710AAB261CA7422900BB682A /* Resources */,
			);
			buildRules = (
			);
			dependencies = (
				710AAB2A1CA7422900BB682A /* PBXTargetDependency */,
			);
			name = "Pitch PerfectTests";
			productName = "Pitch PerfectTests";
			productReference = 710AAB281CA7422900BB682A /* Pitch PerfectTests.xctest */;
			productType = "com.apple.product-type.bundle.unit-test";
		};
		710AAB321CA7422900BB682A /* Pitch PerfectUITests */ = {
			isa = PBXNativeTarget;
			buildConfigurationList = 710AAB421CA7422900BB682A /* Build configuration list for PBXNativeTarget "Pitch PerfectUITests" */;
			buildPhases = (
				710AAB2F1CA7422900BB682A /* Sources */,
				710AAB301CA7422900BB682A /* Frameworks */,
				710AAB311CA7422900BB682A /* Resources */,
			);
			buildRules = (
			);
			dependencies = (
				710AAB351CA7422900BB682A /* PBXTargetDependency */,
			);
			name = "Pitch PerfectUITests";
			productName = "Pitch PerfectUITests";
			productReference = 710AAB331CA7422900BB682A /* Pitch PerfectUITests.xctest */;
			productType = "com.apple.product-type.bundle.ui-testing";
		};
/* End PBXNativeTarget section */

/* Begin PBXProject section */
		710AAB0C1CA7422900BB682A /* Project object */ = {
			isa = PBXProject;
			attributes = {
				LastSwiftUpdateCheck = 0730;
				LastUpgradeCheck = 0730;
				ORGANIZATIONNAME = "Rajat Sharma";
				TargetAttributes = {
					710AAB131CA7422900BB682A = {
						CreatedOnToolsVersion = 7.3;
					};
					710AAB271CA7422900BB682A = {
						CreatedOnToolsVersion = 7.3;
						TestTargetID = 710AAB131CA7422900BB682A;
					};
					710AAB321CA7422900BB682A = {
						CreatedOnToolsVersion = 7.3;
						TestTargetID = 710AAB131CA7422900BB682A;
					};
				};
			};
			buildConfigurationList = 710AAB0F1CA7422900BB682A /* Build configuration list for PBXProject "Pitch Perfect" */;
			compatibilityVersion = "Xcode 3.2";
			developmentRegion = English;
			hasScannedForEncodings = 0;
			knownRegions = (
				en,
				Base,
			);
			mainGroup = 710AAB0B1CA7422900BB682A;
			productRefGroup = 710AAB151CA7422900BB682A /* Products */;
			projectDirPath = "";
			projectRoot = "";
			targets = (
				710AAB131CA7422900BB682A /* Pitch Perfect */,
				710AAB271CA7422900BB682A /* Pitch PerfectTests */,
				710AAB321CA7422900BB682A /* Pitch PerfectUITests */,
			);
		};
/* End PBXProject section */

/* Begin PBXResourcesBuildPhase section */
		710AAB121CA7422900BB682A /* Resources */ = {
			isa = PBXResourcesBuildPhase;
			buildActionMask = 2147483647;
			files = (
				719202341CA81F7A000163FF /* Main.storyboard in Resources */,
				710AAB1F1CA7422900BB682A /* Assets.xcassets in Resources */,
			);
			runOnlyForDeploymentPostprocessing = 0;
		};
		710AAB261CA7422900BB682A /* Resources */ = {
			isa = PBXResourcesBuildPhase;
			buildActionMask = 2147483647;
			files = (
			);
			runOnlyForDeploymentPostprocessing = 0;
		};
		710AAB311CA7422900BB682A /* Resources */ = {
			isa = PBXResourcesBuildPhase;
			buildActionMask = 2147483647;
			files = (
			);
			runOnlyForDeploymentPostprocessing = 0;
		};
/* End PBXResourcesBuildPhase section */

/* Begin PBXSourcesBuildPhase section */
		710AAB101CA7422900BB682A /* Sources */ = {
			isa = PBXSourcesBuildPhase;
			buildActionMask = 2147483647;
			files = (
				7123307C1CAF4CE100413C6B /* PlaySoundsViewController+Audio.swift in Sources */,
				710AAB1A1CA7422900BB682A /* RecordSoundsViewController.swift in Sources */,
				719202361CA8269F000163FF /* PlaySoundsViewController.swift in Sources */,
				710AAB181CA7422900BB682A /* AppDelegate.swift in Sources */,
				719202381CACC1B8000163FF /* Model.swift in Sources */,
			);
			runOnlyForDeploymentPostprocessing = 0;
		};
		710AAB241CA7422900BB682A /* Sources */ = {
			isa = PBXSourcesBuildPhase;
			buildActionMask = 2147483647;
			files = (
				710AAB2D1CA7422900BB682A /* Pitch_PerfectTests.swift in Sources */,
			);
			runOnlyForDeploymentPostprocessing = 0;
		};
		710AAB2F1CA7422900BB682A /* Sources */ = {
			isa = PBXSourcesBuildPhase;
			buildActionMask = 2147483647;
			files = (
				710AAB381CA7422900BB682A /* Pitch_PerfectUITests.swift in Sources */,
			);
			runOnlyForDeploymentPostprocessing = 0;
		};
/* End PBXSourcesBuildPhase section */

/* Begin PBXTargetDependency section */
		710AAB2A1CA7422900BB682A /* PBXTargetDependency */ = {
			isa = PBXTargetDependency;
			target = 710AAB131CA7422900BB682A /* Pitch Perfect */;
			targetProxy = 710AAB291CA7422900BB682A /* PBXContainerItemProxy */;
		};
		710AAB351CA7422900BB682A /* PBXTargetDependency */ = {
			isa = PBXTargetDependency;
			target = 710AAB131CA7422900BB682A /* Pitch Perfect */;
			targetProxy = 710AAB341CA7422900BB682A /* PBXContainerItemProxy */;
		};
/* End PBXTargetDependency section */

/* Begin PBXVariantGroup section */
		719202321CA81F7A000163FF /* Main.storyboard */ = {
			isa = PBXVariantGroup;
			children = (
				719202331CA81F7A000163FF /* Base */,
			);
			name = Main.storyboard;
			sourceTree = "<group>";
		};
/* End PBXVariantGroup section */

/* Begin XCBuildConfiguration section */
		710AAB3A1CA7422900BB682A /* Debug */ = {
			isa = XCBuildConfiguration;
			buildSettings = {
				ALWAYS_SEARCH_USER_PATHS = NO;
				CLANG_ANALYZER_NONNULL = YES;
				CLANG_CXX_LANGUAGE_STANDARD = "gnu++0x";
				CLANG_CXX_LIBRARY = "libc++";
				CLANG_ENABLE_MODULES = YES;
				CLANG_ENABLE_OBJC_ARC = YES;
				CLANG_WARN_BOOL_CONVERSION = YES;
				CLANG_WARN_CONSTANT_CONVERSION = YES;
				CLANG_WARN_DIRECT_OBJC_ISA_USAGE = YES_ERROR;
				CLANG_WARN_EMPTY_BODY = YES;
				CLANG_WARN_ENUM_CONVERSION = YES;
				CLANG_WARN_INT_CONVERSION = YES;
				CLANG_WARN_OBJC_ROOT_CLASS = YES_ERROR;
				CLANG_WARN_UNREACHABLE_CODE = YES;
				CLANG_WARN__DUPLICATE_METHOD_MATCH = YES;
				"CODE_SIGN_IDENTITY[sdk=iphoneos*]" = "iPhone Developer";
				COPY_PHASE_STRIP = NO;
				DEBUG_INFORMATION_FORMAT = dwarf;
				ENABLE_STRICT_OBJC_MSGSEND = YES;
				ENABLE_TESTABILITY = YES;
				GCC_C_LANGUAGE_STANDARD = gnu99;
				GCC_DYNAMIC_NO_PIC = NO;
				GCC_NO_COMMON_BLOCKS = YES;
				GCC_OPTIMIZATION_LEVEL = 0;
				GCC_PREPROCESSOR_DEFINITIONS = (
					"DEBUG=1",
					"$(inherited)",
				);
				GCC_WARN_64_TO_32_BIT_CONVERSION = YES;
				GCC_WARN_ABOUT_RETURN_TYPE = YES_ERROR;
				GCC_WARN_UNDECLARED_SELECTOR = YES;
				GCC_WARN_UNINITIALIZED_AUTOS = YES_AGGRESSIVE;
				GCC_WARN_UNUSED_FUNCTION = YES;
				GCC_WARN_UNUSED_VARIABLE = YES;
				IPHONEOS_DEPLOYMENT_TARGET = 9.3;
				MTL_ENABLE_DEBUG_INFO = YES;
				ONLY_ACTIVE_ARCH = YES;
				SDKROOT = iphoneos;
				SWIFT_OPTIMIZATION_LEVEL = "-Onone";
				TARGETED_DEVICE_FAMILY = "1,2";
			};
			name = Debug;
		};
		710AAB3B1CA7422900BB682A /* Release */ = {
			isa = XCBuildConfiguration;
			buildSettings = {
				ALWAYS_SEARCH_USER_PATHS = NO;
				CLANG_ANALYZER_NONNULL = YES;
				CLANG_CXX_LANGUAGE_STANDARD = "gnu++0x";
				CLANG_CXX_LIBRARY = "libc++";
				CLANG_ENABLE_MODULES = YES;
				CLANG_ENABLE_OBJC_ARC = YES;
				CLANG_WARN_BOOL_CONVERSION = YES;
				CLANG_WARN_CONSTANT_CONVERSION = YES;
				CLANG_WARN_DIRECT_OBJC_ISA_USAGE = YES_ERROR;
				CLANG_WARN_EMPTY_BODY = YES;
				CLANG_WARN_ENUM_CONVERSION = YES;
				CLANG_WARN_INT_CONVERSION = YES;
				CLANG_WARN_OBJC_ROOT_CLASS = YES_ERROR;
				CLANG_WARN_UNREACHABLE_CODE = YES;
				CLANG_WARN__DUPLICATE_METHOD_MATCH = YES;
				"CODE_SIGN_IDENTITY[sdk=iphoneos*]" = "iPhone Developer";
				COPY_PHASE_STRIP = NO;
				DEBUG_INFORMATION_FORMAT = "dwarf-with-dsym";
				ENABLE_NS_ASSERTIONS = NO;
				ENABLE_STRICT_OBJC_MSGSEND = YES;
				GCC_C_LANGUAGE_STANDARD = gnu99;
				GCC_NO_COMMON_BLOCKS = YES;
				GCC_WARN_64_TO_32_BIT_CONVERSION = YES;
				GCC_WARN_ABOUT_RETURN_TYPE = YES_ERROR;
				GCC_WARN_UNDECLARED_SELECTOR = YES;
				GCC_WARN_UNINITIALIZED_AUTOS = YES_AGGRESSIVE;
				GCC_WARN_UNUSED_FUNCTION = YES;
				GCC_WARN_UNUSED_VARIABLE = YES;
				IPHONEOS_DEPLOYMENT_TARGET = 9.3;
				MTL_ENABLE_DEBUG_INFO = NO;
				SDKROOT = iphoneos;
				TARGETED_DEVICE_FAMILY = "1,2";
				VALIDATE_PRODUCT = YES;
			};
			name = Release;
		};
		710AAB3D1CA7422900BB682A /* Debug */ = {
			isa = XCBuildConfiguration;
			buildSettings = {
				ASSETCATALOG_COMPILER_APPICON_NAME = AppIcon;
				INFOPLIST_FILE = "Pitch Perfect/Info.plist";
				LD_RUNPATH_SEARCH_PATHS = "$(inherited) @executable_path/Frameworks";
				PRODUCT_BUNDLE_IDENTIFIER = "com.example.Pitch-Perfect";
				PRODUCT_NAME = "$(TARGET_NAME)";
			};
			name = Debug;
		};
		710AAB3E1CA7422900BB682A /* Release */ = {
			isa = XCBuildConfiguration;
			buildSettings = {
				ASSETCATALOG_COMPILER_APPICON_NAME = AppIcon;
				INFOPLIST_FILE = "Pitch Perfect/Info.plist";
				LD_RUNPATH_SEARCH_PATHS = "$(inherited) @executable_path/Frameworks";
				PRODUCT_BUNDLE_IDENTIFIER = "com.example.Pitch-Perfect";
				PRODUCT_NAME = "$(TARGET_NAME)";
			};
			name = Release;
		};
		710AAB401CA7422900BB682A /* Debug */ = {
			isa = XCBuildConfiguration;
			buildSettings = {
				BUNDLE_LOADER = "$(TEST_HOST)";
				INFOPLIST_FILE = "Pitch PerfectTests/Info.plist";
				LD_RUNPATH_SEARCH_PATHS = "$(inherited) @executable_path/Frameworks @loader_path/Frameworks";
				PRODUCT_BUNDLE_IDENTIFIER = "com.example.Pitch-PerfectTests";
				PRODUCT_NAME = "$(TARGET_NAME)";
				TEST_HOST = "$(BUILT_PRODUCTS_DIR)/Pitch Perfect.app/Pitch Perfect";
			};
			name = Debug;
		};
		710AAB411CA7422900BB682A /* Release */ = {
			isa = XCBuildConfiguration;
			buildSettings = {
				BUNDLE_LOADER = "$(TEST_HOST)";
				INFOPLIST_FILE = "Pitch PerfectTests/Info.plist";
				LD_RUNPATH_SEARCH_PATHS = "$(inherited) @executable_path/Frameworks @loader_path/Frameworks";
				PRODUCT_BUNDLE_IDENTIFIER = "com.example.Pitch-PerfectTests";
				PRODUCT_NAME = "$(TARGET_NAME)";
				TEST_HOST = "$(BUILT_PRODUCTS_DIR)/Pitch Perfect.app/Pitch Perfect";
			};
			name = Release;
		};
		710AAB431CA7422900BB682A /* Debug */ = {
			isa = XCBuildConfiguration;
			buildSettings = {
				INFOPLIST_FILE = "Pitch PerfectUITests/Info.plist";
				LD_RUNPATH_SEARCH_PATHS = "$(inherited) @executable_path/Frameworks @loader_path/Frameworks";
				PRODUCT_BUNDLE_IDENTIFIER = "com.example.Pitch-PerfectUITests";
				PRODUCT_NAME = "$(TARGET_NAME)";
				TEST_TARGET_NAME = "Pitch Perfect";
			};
			name = Debug;
		};
		710AAB441CA7422900BB682A /* Release */ = {
			isa = XCBuildConfiguration;
			buildSettings = {
				INFOPLIST_FILE = "Pitch PerfectUITests/Info.plist";
				LD_RUNPATH_SEARCH_PATHS = "$(inherited) @executable_path/Frameworks @loader_path/Frameworks";
				PRODUCT_BUNDLE_IDENTIFIER = "com.example.Pitch-PerfectUITests";
				PRODUCT_NAME = "$(TARGET_NAME)";
				TEST_TARGET_NAME = "Pitch Perfect";
			};
			name = Release;
		};
/* End XCBuildConfiguration section */

/* Begin XCConfigurationList section */
		710AAB0F1CA7422900BB682A /* Build configuration list for PBXProject "Pitch Perfect" */ = {
			isa = XCConfigurationList;
			buildConfigurations = (
				710AAB3A1CA7422900BB682A /* Debug */,
				710AAB3B1CA7422900BB682A /* Release */,
			);
			defaultConfigurationIsVisible = 0;
			defaultConfigurationName = Release;
		};
		710AAB3C1CA7422900BB682A /* Build configuration list for PBXNativeTarget "Pitch Perfect" */ = {
			isa = XCConfigurationList;
			buildConfigurations = (
				710AAB3D1CA7422900BB682A /* Debug */,
				710AAB3E1CA7422900BB682A /* Release */,
			);
			defaultConfigurationIsVisible = 0;
			defaultConfigurationName = Release;
		};
		710AAB3F1CA7422900BB682A /* Build configuration list for PBXNativeTarget "Pitch PerfectTests" */ = {
			isa = XCConfigurationList;
			buildConfigurations = (
				710AAB401CA7422900BB682A /* Debug */,
				710AAB411CA7422900BB682A /* Release */,
			);
			defaultConfigurationIsVisible = 0;
			defaultConfigurationName = Release;
		};
		710AAB421CA7422900BB682A /* Build configuration list for PBXNativeTarget "Pitch PerfectUITests" */ = {
			isa = XCConfigurationList;
			buildConfigurations = (
				710AAB431CA7422900BB682A /* Debug */,
				710AAB441CA7422900BB682A /* Release */,
			);
			defaultConfigurationIsVisible = 0;
			defaultConfigurationName = Release;
		};
/* End XCConfigurationList section */
	};
	rootObject = 710AAB0C1CA7422900BB682A /* Project object */;
}
